
Microsoft Visual Studio Solution File, Format Version 12.00
# Visual Studio Version 16
VisualStudioVersion = 16.0.30413.136
MinimumVisualStudioVersion = 10.0.40219.1
Project("{FAE04EC0-301F-11D3-BF4B-00C04F79EFBC}") = "Quartiles", "Quartiles\Quartiles.csproj", "{D2A1C3DB-39F4-402C-8E28-A8998F693977}"
EndProject
Global
	GlobalSection(SolutionConfigurationPlatforms) = preSolution
		Debug|Any CPU = Debug|Any CPU
		Release|Any CPU = Release|Any CPU
	EndGlobalSection
	GlobalSection(ProjectConfigurationPlatforms) = postSolution
		{D2A1C3DB-39F4-402C-8E28-A8998F693977}.Debug|Any CPU.ActiveCfg = Debug|Any CPU
		{D2A1C3DB-39F4-402C-8E28-A8998F693977}.Debug|Any CPU.Build.0 = Debug|Any CPU
		{D2A1C3DB-39F4-402C-8E28-A8998F693977}.Release|Any CPU.ActiveCfg = Release|Any CPU
		{D2A1C3DB-39F4-402C-8E28-A8998F693977}.Release|Any CPU.Build.0 = Release|Any CPU
	EndGlobalSection
	GlobalSection(SolutionProperties) = preSolution
		HideSolutionNode = FALSE
	EndGlobalSection
	GlobalSection(ExtensibilityGlobals) = postSolution
		SolutionGuid = {03F03084-96D0-44DC-BF47-0C9FEC359991}
	EndGlobalSection
EndGlobal
